// !$*UTF8*$!
{
	archiveVersion = 1;
	classes = {
	};
	objectVersion = 56;
	objects = {

/* Begin PBXBuildFile section */
		0D3D1B5C29527A74007B9CB3 /* AdditionData.swift in Sources */ = {isa = PBXBuildFile; fileRef = 0D3D1B5B29527A74007B9CB3 /* AdditionData.swift */; };
		0D3D1B5E29527AA1007B9CB3 /* Addition.swift in Sources */ = {isa = PBXBuildFile; fileRef = 0D3D1B5D29527AA1007B9CB3 /* Addition.swift */; };
		0D3D1B6029527AD5007B9CB3 /* KeychainHelper.swift in Sources */ = {isa = PBXBuildFile; fileRef = 0D3D1B5F29527AD5007B9CB3 /* KeychainHelper.swift */; };
		0D3D1B6229527B53007B9CB3 /* KeyValueRow.swift in Sources */ = {isa = PBXBuildFile; fileRef = 0D3D1B6129527B53007B9CB3 /* KeyValueRow.swift */; };
		0D3D1B6429527BB1007B9CB3 /* ProfileData.swift in Sources */ = {isa = PBXBuildFile; fileRef = 0D3D1B6329527BB1007B9CB3 /* ProfileData.swift */; };
		0D3D1B6629527BD9007B9CB3 /* ProgressCircle.swift in Sources */ = {isa = PBXBuildFile; fileRef = 0D3D1B6529527BD9007B9CB3 /* ProgressCircle.swift */; };
		0D3D1B6829527BFF007B9CB3 /* ApiManager.swift in Sources */ = {isa = PBXBuildFile; fileRef = 0D3D1B6729527BFF007B9CB3 /* ApiManager.swift */; };
		0D3D1B6A29527C38007B9CB3 /* ProfileSheet.swift in Sources */ = {isa = PBXBuildFile; fileRef = 0D3D1B6929527C38007B9CB3 /* ProfileSheet.swift */; };
		0D3D1B6C29527CF6007B9CB3 /* AdditionList.swift in Sources */ = {isa = PBXBuildFile; fileRef = 0D3D1B6B29527CF6007B9CB3 /* AdditionList.swift */; };
		0D3D1B6E29527D10007B9CB3 /* AdditionRow.swift in Sources */ = {isa = PBXBuildFile; fileRef = 0D3D1B6D29527D10007B9CB3 /* AdditionRow.swift */; };
		0D3D1B7129553A43007B9CB3 /* AdditionAdd.swift in Sources */ = {isa = PBXBuildFile; fileRef = 0D3D1B7029553A43007B9CB3 /* AdditionAdd.swift */; };
		0D3D1B7329562491007B9CB3 /* AdditionDetail.swift in Sources */ = {isa = PBXBuildFile; fileRef = 0D3D1B7229562491007B9CB3 /* AdditionDetail.swift */; };
		0D3D1B752956A6E6007B9CB3 /* FileRow.swift in Sources */ = {isa = PBXBuildFile; fileRef = 0D3D1B742956A6E6007B9CB3 /* FileRow.swift */; };
		0D79ACA8296B5CD400D88124 /* Language.swift in Sources */ = {isa = PBXBuildFile; fileRef = 0D79ACA7296B5CD400D88124 /* Language.swift */; };
		0D910EF9295B66C3003C8E9C /* StartRename.swift in Sources */ = {isa = PBXBuildFile; fileRef = 0D910EF8295B66C3003C8E9C /* StartRename.swift */; };
		0D910EFC295B699F003C8E9C /* StepOne.swift in Sources */ = {isa = PBXBuildFile; fileRef = 0D910EFB295B699F003C8E9C /* StepOne.swift */; };
		0DB08720295246A100430156 /* BakusApp.swift in Sources */ = {isa = PBXBuildFile; fileRef = 0DB0871F295246A100430156 /* BakusApp.swift */; };
		0DB08724295246A300430156 /* Assets.xcassets in Resources */ = {isa = PBXBuildFile; fileRef = 0DB08723295246A300430156 /* Assets.xcassets */; };
		0DB08728295246A300430156 /* Preview Assets.xcassets in Resources */ = {isa = PBXBuildFile; fileRef = 0DB08727295246A300430156 /* Preview Assets.xcassets */; };
		0DB08732295246A300430156 /* BakusTests.swift in Sources */ = {isa = PBXBuildFile; fileRef = 0DB08731295246A300430156 /* BakusTests.swift */; };
		0DB0873C295246A300430156 /* BakusUITests.swift in Sources */ = {isa = PBXBuildFile; fileRef = 0DB0873B295246A300430156 /* BakusUITests.swift */; };
		0DB0873E295246A300430156 /* BakusUITestsLaunchTests.swift in Sources */ = {isa = PBXBuildFile; fileRef = 0DB0873D295246A300430156 /* BakusUITestsLaunchTests.swift */; };
		0DF5CCF3298BFDD900332D22 /* Summary.swift in Sources */ = {isa = PBXBuildFile; fileRef = 0DF5CCF2298BFDD900332D22 /* Summary.swift */; };
/* End PBXBuildFile section */

/* Begin PBXContainerItemProxy section */
		0DB0872E295246A300430156 /* PBXContainerItemProxy */ = {
			isa = PBXContainerItemProxy;
			containerPortal = 0DB08714295246A100430156 /* Project object */;
			proxyType = 1;
			remoteGlobalIDString = 0DB0871B295246A100430156;
			remoteInfo = Bakus;
		};
		0DB08738295246A300430156 /* PBXContainerItemProxy */ = {
			isa = PBXContainerItemProxy;
			containerPortal = 0DB08714295246A100430156 /* Project object */;
			proxyType = 1;
			remoteGlobalIDString = 0DB0871B295246A100430156;
			remoteInfo = Bakus;
		};
/* End PBXContainerItemProxy section */

/* Begin PBXFileReference section */
		0D3D1B5B29527A74007B9CB3 /* AdditionData.swift */ = {isa = PBXFileReference; lastKnownFileType = sourcecode.swift; path = AdditionData.swift; sourceTree = "<group>"; };
		0D3D1B5D29527AA1007B9CB3 /* Addition.swift */ = {isa = PBXFileReference; lastKnownFileType = sourcecode.swift; path = Addition.swift; sourceTree = "<group>"; };
		0D3D1B5F29527AD5007B9CB3 /* KeychainHelper.swift */ = {isa = PBXFileReference; lastKnownFileType = sourcecode.swift; path = KeychainHelper.swift; sourceTree = "<group>"; };
		0D3D1B6129527B53007B9CB3 /* KeyValueRow.swift */ = {isa = PBXFileReference; lastKnownFileType = sourcecode.swift; path = KeyValueRow.swift; sourceTree = "<group>"; };
		0D3D1B6329527BB1007B9CB3 /* ProfileData.swift */ = {isa = PBXFileReference; lastKnownFileType = sourcecode.swift; path = ProfileData.swift; sourceTree = "<group>"; };
		0D3D1B6529527BD9007B9CB3 /* ProgressCircle.swift */ = {isa = PBXFileReference; lastKnownFileType = sourcecode.swift; path = ProgressCircle.swift; sourceTree = "<group>"; };
		0D3D1B6729527BFF007B9CB3 /* ApiManager.swift */ = {isa = PBXFileReference; lastKnownFileType = sourcecode.swift; path = ApiManager.swift; sourceTree = "<group>"; };
		0D3D1B6929527C38007B9CB3 /* ProfileSheet.swift */ = {isa = PBXFileReference; lastKnownFileType = sourcecode.swift; path = ProfileSheet.swift; sourceTree = "<group>"; };
		0D3D1B6B29527CF6007B9CB3 /* AdditionList.swift */ = {isa = PBXFileReference; lastKnownFileType = sourcecode.swift; path = AdditionList.swift; sourceTree = "<group>"; };
		0D3D1B6D29527D10007B9CB3 /* AdditionRow.swift */ = {isa = PBXFileReference; lastKnownFileType = sourcecode.swift; path = AdditionRow.swift; sourceTree = "<group>"; };
		0D3D1B6F29551B85007B9CB3 /* Info.plist */ = {isa = PBXFileReference; lastKnownFileType = text.plist; path = Info.plist; sourceTree = "<group>"; };
		0D3D1B7029553A43007B9CB3 /* AdditionAdd.swift */ = {isa = PBXFileReference; lastKnownFileType = sourcecode.swift; path = AdditionAdd.swift; sourceTree = "<group>"; };
		0D3D1B7229562491007B9CB3 /* AdditionDetail.swift */ = {isa = PBXFileReference; lastKnownFileType = sourcecode.swift; path = AdditionDetail.swift; sourceTree = "<group>"; };
		0D3D1B742956A6E6007B9CB3 /* FileRow.swift */ = {isa = PBXFileReference; lastKnownFileType = sourcecode.swift; path = FileRow.swift; sourceTree = "<group>"; };
		0D79ACA7296B5CD400D88124 /* Language.swift */ = {isa = PBXFileReference; lastKnownFileType = sourcecode.swift; path = Language.swift; sourceTree = "<group>"; };
		0D910EF8295B66C3003C8E9C /* StartRename.swift */ = {isa = PBXFileReference; lastKnownFileType = sourcecode.swift; path = StartRename.swift; sourceTree = "<group>"; };
		0D910EFB295B699F003C8E9C /* StepOne.swift */ = {isa = PBXFileReference; lastKnownFileType = sourcecode.swift; path = StepOne.swift; sourceTree = "<group>"; };
		0DB0871C295246A100430156 /* Bakus.app */ = {isa = PBXFileReference; explicitFileType = wrapper.application; includeInIndex = 0; path = Bakus.app; sourceTree = BUILT_PRODUCTS_DIR; };
		0DB0871F295246A100430156 /* BakusApp.swift */ = {isa = PBXFileReference; lastKnownFileType = sourcecode.swift; path = BakusApp.swift; sourceTree = "<group>"; };
		0DB08723295246A300430156 /* Assets.xcassets */ = {isa = PBXFileReference; lastKnownFileType = folder.assetcatalog; path = Assets.xcassets; sourceTree = "<group>"; };
		0DB08725295246A300430156 /* Bakus.entitlements */ = {isa = PBXFileReference; lastKnownFileType = text.plist.entitlements; path = Bakus.entitlements; sourceTree = "<group>"; };
		0DB08727295246A300430156 /* Preview Assets.xcassets */ = {isa = PBXFileReference; lastKnownFileType = folder.assetcatalog; path = "Preview Assets.xcassets"; sourceTree = "<group>"; };
		0DB0872D295246A300430156 /* BakusTests.xctest */ = {isa = PBXFileReference; explicitFileType = wrapper.cfbundle; includeInIndex = 0; path = BakusTests.xctest; sourceTree = BUILT_PRODUCTS_DIR; };
		0DB08731295246A300430156 /* BakusTests.swift */ = {isa = PBXFileReference; lastKnownFileType = sourcecode.swift; path = BakusTests.swift; sourceTree = "<group>"; };
		0DB08737295246A300430156 /* BakusUITests.xctest */ = {isa = PBXFileReference; explicitFileType = wrapper.cfbundle; includeInIndex = 0; path = BakusUITests.xctest; sourceTree = BUILT_PRODUCTS_DIR; };
		0DB0873B295246A300430156 /* BakusUITests.swift */ = {isa = PBXFileReference; lastKnownFileType = sourcecode.swift; path = BakusUITests.swift; sourceTree = "<group>"; };
		0DB0873D295246A300430156 /* BakusUITestsLaunchTests.swift */ = {isa = PBXFileReference; lastKnownFileType = sourcecode.swift; path = BakusUITestsLaunchTests.swift; sourceTree = "<group>"; };
		0DF5CCF2298BFDD900332D22 /* Summary.swift */ = {isa = PBXFileReference; lastKnownFileType = sourcecode.swift; path = Summary.swift; sourceTree = "<group>"; };
/* End PBXFileReference section */

/* Begin PBXFrameworksBuildPhase section */
		0DB08719295246A100430156 /* Frameworks */ = {
			isa = PBXFrameworksBuildPhase;
			buildActionMask = 2147483647;
			files = (
			);
			runOnlyForDeploymentPostprocessing = 0;
		};
		0DB0872A295246A300430156 /* Frameworks */ = {
			isa = PBXFrameworksBuildPhase;
			buildActionMask = 2147483647;
			files = (
			);
			runOnlyForDeploymentPostprocessing = 0;
		};
		0DB08734295246A300430156 /* Frameworks */ = {
			isa = PBXFrameworksBuildPhase;
			buildActionMask = 2147483647;
			files = (
			);
			runOnlyForDeploymentPostprocessing = 0;
		};
/* End PBXFrameworksBuildPhase section */

/* Begin PBXGroup section */
		0D3D1B5A29527A40007B9CB3 /* App */ = {
			isa = PBXGroup;
			children = (
				0D910EFA295B697C003C8E9C /* MovieRename */,
				0D3D1B5D29527AA1007B9CB3 /* Addition.swift */,
				0D3D1B5B29527A74007B9CB3 /* AdditionData.swift */,
				0D3D1B6D29527D10007B9CB3 /* AdditionRow.swift */,
				0D3D1B6B29527CF6007B9CB3 /* AdditionList.swift */,
				0DB0871F295246A100430156 /* BakusApp.swift */,
				0D3D1B5F29527AD5007B9CB3 /* KeychainHelper.swift */,
				0D3D1B6129527B53007B9CB3 /* KeyValueRow.swift */,
				0D3D1B6329527BB1007B9CB3 /* ProfileData.swift */,
				0D3D1B6529527BD9007B9CB3 /* ProgressCircle.swift */,
				0D3D1B6729527BFF007B9CB3 /* ApiManager.swift */,
				0D3D1B6929527C38007B9CB3 /* ProfileSheet.swift */,
				0D3D1B7029553A43007B9CB3 /* AdditionAdd.swift */,
				0D3D1B7229562491007B9CB3 /* AdditionDetail.swift */,
				0D3D1B742956A6E6007B9CB3 /* FileRow.swift */,
				0D910EF8295B66C3003C8E9C /* StartRename.swift */,
				0D79ACA7296B5CD400D88124 /* Language.swift */,
			);
			path = App;
			sourceTree = "<group>";
		};
		0D910EFA295B697C003C8E9C /* MovieRename */ = {
			isa = PBXGroup;
			children = (
				0D910EFB295B699F003C8E9C /* StepOne.swift */,
				0DF5CCF2298BFDD900332D22 /* Summary.swift */,
			);
			path = MovieRename;
			sourceTree = "<group>";
		};
		0DB08713295246A100430156 = {
			isa = PBXGroup;
			children = (
				0DB0871E295246A100430156 /* Bakus */,
				0DB08730295246A300430156 /* BakusTests */,
				0DB0873A295246A300430156 /* BakusUITests */,
				0DB0871D295246A100430156 /* Products */,
			);
			sourceTree = "<group>";
		};
		0DB0871D295246A100430156 /* Products */ = {
			isa = PBXGroup;
			children = (
				0DB0871C295246A100430156 /* Bakus.app */,
				0DB0872D295246A300430156 /* BakusTests.xctest */,
				0DB08737295246A300430156 /* BakusUITests.xctest */,
			);
			name = Products;
			sourceTree = "<group>";
		};
		0DB0871E295246A100430156 /* Bakus */ = {
			isa = PBXGroup;
			children = (
				0D3D1B6F29551B85007B9CB3 /* Info.plist */,
				0D3D1B5A29527A40007B9CB3 /* App */,
				0DB08723295246A300430156 /* Assets.xcassets */,
				0DB08725295246A300430156 /* Bakus.entitlements */,
				0DB08726295246A300430156 /* Preview Content */,
			);
			path = Bakus;
			sourceTree = "<group>";
		};
		0DB08726295246A300430156 /* Preview Content */ = {
			isa = PBXGroup;
			children = (
				0DB08727295246A300430156 /* Preview Assets.xcassets */,
			);
			path = "Preview Content";
			sourceTree = "<group>";
		};
		0DB08730295246A300430156 /* BakusTests */ = {
			isa = PBXGroup;
			children = (
				0DB08731295246A300430156 /* BakusTests.swift */,
			);
			path = BakusTests;
			sourceTree = "<group>";
		};
		0DB0873A295246A300430156 /* BakusUITests */ = {
			isa = PBXGroup;
			children = (
				0DB0873B295246A300430156 /* BakusUITests.swift */,
				0DB0873D295246A300430156 /* BakusUITestsLaunchTests.swift */,
			);
			path = BakusUITests;
			sourceTree = "<group>";
		};
/* End PBXGroup section */

/* Begin PBXNativeTarget section */
		0DB0871B295246A100430156 /* Bakus */ = {
			isa = PBXNativeTarget;
			buildConfigurationList = 0DB08741295246A300430156 /* Build configuration list for PBXNativeTarget "Bakus" */;
			buildPhases = (
				0DB08718295246A100430156 /* Sources */,
				0DB08719295246A100430156 /* Frameworks */,
				0DB0871A295246A100430156 /* Resources */,
			);
			buildRules = (
			);
			dependencies = (
			);
			name = Bakus;
			productName = Bakus;
			productReference = 0DB0871C295246A100430156 /* Bakus.app */;
			productType = "com.apple.product-type.application";
		};
		0DB0872C295246A300430156 /* BakusTests */ = {
			isa = PBXNativeTarget;
			buildConfigurationList = 0DB08744295246A300430156 /* Build configuration list for PBXNativeTarget "BakusTests" */;
			buildPhases = (
				0DB08729295246A300430156 /* Sources */,
				0DB0872A295246A300430156 /* Frameworks */,
				0DB0872B295246A300430156 /* Resources */,
			);
			buildRules = (
			);
			dependencies = (
				0DB0872F295246A300430156 /* PBXTargetDependency */,
			);
			name = BakusTests;
			productName = BakusTests;
			productReference = 0DB0872D295246A300430156 /* BakusTests.xctest */;
			productType = "com.apple.product-type.bundle.unit-test";
		};
		0DB08736295246A300430156 /* BakusUITests */ = {
			isa = PBXNativeTarget;
			buildConfigurationList = 0DB08747295246A300430156 /* Build configuration list for PBXNativeTarget "BakusUITests" */;
			buildPhases = (
				0DB08733295246A300430156 /* Sources */,
				0DB08734295246A300430156 /* Frameworks */,
				0DB08735295246A300430156 /* Resources */,
			);
			buildRules = (
			);
			dependencies = (
				0DB08739295246A300430156 /* PBXTargetDependency */,
			);
			name = BakusUITests;
			productName = BakusUITests;
			productReference = 0DB08737295246A300430156 /* BakusUITests.xctest */;
			productType = "com.apple.product-type.bundle.ui-testing";
		};
/* End PBXNativeTarget section */

/* Begin PBXProject section */
		0DB08714295246A100430156 /* Project object */ = {
			isa = PBXProject;
			attributes = {
				BuildIndependentTargetsInParallel = 1;
				LastSwiftUpdateCheck = 1420;
				LastUpgradeCheck = 1420;
				TargetAttributes = {
					0DB0871B295246A100430156 = {
						CreatedOnToolsVersion = 14.2;
					};
					0DB0872C295246A300430156 = {
						CreatedOnToolsVersion = 14.2;
						TestTargetID = 0DB0871B295246A100430156;
					};
					0DB08736295246A300430156 = {
						CreatedOnToolsVersion = 14.2;
						TestTargetID = 0DB0871B295246A100430156;
					};
				};
			};
			buildConfigurationList = 0DB08717295246A100430156 /* Build configuration list for PBXProject "Bakus" */;
			compatibilityVersion = "Xcode 14.0";
			developmentRegion = en;
			hasScannedForEncodings = 0;
			knownRegions = (
				en,
				Base,
			);
			mainGroup = 0DB08713295246A100430156;
			productRefGroup = 0DB0871D295246A100430156 /* Products */;
			projectDirPath = "";
			projectRoot = "";
			targets = (
				0DB0871B295246A100430156 /* Bakus */,
				0DB0872C295246A300430156 /* BakusTests */,
				0DB08736295246A300430156 /* BakusUITests */,
			);
		};
/* End PBXProject section */

/* Begin PBXResourcesBuildPhase section */
		0DB0871A295246A100430156 /* Resources */ = {
			isa = PBXResourcesBuildPhase;
			buildActionMask = 2147483647;
			files = (
				0DB08728295246A300430156 /* Preview Assets.xcassets in Resources */,
				0DB08724295246A300430156 /* Assets.xcassets in Resources */,
			);
			runOnlyForDeploymentPostprocessing = 0;
		};
		0DB0872B295246A300430156 /* Resources */ = {
			isa = PBXResourcesBuildPhase;
			buildActionMask = 2147483647;
			files = (
			);
			runOnlyForDeploymentPostprocessing = 0;
		};
		0DB08735295246A300430156 /* Resources */ = {
			isa = PBXResourcesBuildPhase;
			buildActionMask = 2147483647;
			files = (
			);
			runOnlyForDeploymentPostprocessing = 0;
		};
/* End PBXResourcesBuildPhase section */

/* Begin PBXSourcesBuildPhase section */
		0DB08718295246A100430156 /* Sources */ = {
			isa = PBXSourcesBuildPhase;
			buildActionMask = 2147483647;
			files = (
				0D910EF9295B66C3003C8E9C /* StartRename.swift in Sources */,
				0D3D1B6229527B53007B9CB3 /* KeyValueRow.swift in Sources */,
				0D3D1B6829527BFF007B9CB3 /* ApiManager.swift in Sources */,
				0D3D1B6C29527CF6007B9CB3 /* AdditionList.swift in Sources */,
				0D3D1B6E29527D10007B9CB3 /* AdditionRow.swift in Sources */,
				0D3D1B6429527BB1007B9CB3 /* ProfileData.swift in Sources */,
				0D910EFC295B699F003C8E9C /* StepOne.swift in Sources */,
				0D3D1B7329562491007B9CB3 /* AdditionDetail.swift in Sources */,
				0D79ACA8296B5CD400D88124 /* Language.swift in Sources */,
				0D3D1B7129553A43007B9CB3 /* AdditionAdd.swift in Sources */,
				0DF5CCF3298BFDD900332D22 /* Summary.swift in Sources */,
				0D3D1B5E29527AA1007B9CB3 /* Addition.swift in Sources */,
				0D3D1B752956A6E6007B9CB3 /* FileRow.swift in Sources */,
				0D3D1B5C29527A74007B9CB3 /* AdditionData.swift in Sources */,
				0D3D1B6029527AD5007B9CB3 /* KeychainHelper.swift in Sources */,
				0D3D1B6629527BD9007B9CB3 /* ProgressCircle.swift in Sources */,
				0DB08720295246A100430156 /* BakusApp.swift in Sources */,
				0D3D1B6A29527C38007B9CB3 /* ProfileSheet.swift in Sources */,
			);
			runOnlyForDeploymentPostprocessing = 0;
		};
		0DB08729295246A300430156 /* Sources */ = {
			isa = PBXSourcesBuildPhase;
			buildActionMask = 2147483647;
			files = (
				0DB08732295246A300430156 /* BakusTests.swift in Sources */,
			);
			runOnlyForDeploymentPostprocessing = 0;
		};
		0DB08733295246A300430156 /* Sources */ = {
			isa = PBXSourcesBuildPhase;
			buildActionMask = 2147483647;
			files = (
				0DB0873C295246A300430156 /* BakusUITests.swift in Sources */,
				0DB0873E295246A300430156 /* BakusUITestsLaunchTests.swift in Sources */,
			);
			runOnlyForDeploymentPostprocessing = 0;
		};
/* End PBXSourcesBuildPhase section */

/* Begin PBXTargetDependency section */
		0DB0872F295246A300430156 /* PBXTargetDependency */ = {
			isa = PBXTargetDependency;
			target = 0DB0871B295246A100430156 /* Bakus */;
			targetProxy = 0DB0872E295246A300430156 /* PBXContainerItemProxy */;
		};
		0DB08739295246A300430156 /* PBXTargetDependency */ = {
			isa = PBXTargetDependency;
			target = 0DB0871B295246A100430156 /* Bakus */;
			targetProxy = 0DB08738295246A300430156 /* PBXContainerItemProxy */;
		};
/* End PBXTargetDependency section */

/* Begin XCBuildConfiguration section */
		0DB0873F295246A300430156 /* Debug */ = {
			isa = XCBuildConfiguration;
			buildSettings = {
				ALWAYS_SEARCH_USER_PATHS = NO;
				CLANG_ANALYZER_NONNULL = YES;
				CLANG_ANALYZER_NUMBER_OBJECT_CONVERSION = YES_AGGRESSIVE;
				CLANG_CXX_LANGUAGE_STANDARD = "gnu++20";
				CLANG_ENABLE_MODULES = YES;
				CLANG_ENABLE_OBJC_ARC = YES;
				CLANG_ENABLE_OBJC_WEAK = YES;
				CLANG_WARN_BLOCK_CAPTURE_AUTORELEASING = YES;
				CLANG_WARN_BOOL_CONVERSION = YES;
				CLANG_WARN_COMMA = YES;
				CLANG_WARN_CONSTANT_CONVERSION = YES;
				CLANG_WARN_DEPRECATED_OBJC_IMPLEMENTATIONS = YES;
				CLANG_WARN_DIRECT_OBJC_ISA_USAGE = YES_ERROR;
				CLANG_WARN_DOCUMENTATION_COMMENTS = YES;
				CLANG_WARN_EMPTY_BODY = YES;
				CLANG_WARN_ENUM_CONVERSION = YES;
				CLANG_WARN_INFINITE_RECURSION = YES;
				CLANG_WARN_INT_CONVERSION = YES;
				CLANG_WARN_NON_LITERAL_NULL_CONVERSION = YES;
				CLANG_WARN_OBJC_IMPLICIT_RETAIN_SELF = YES;
				CLANG_WARN_OBJC_LITERAL_CONVERSION = YES;
				CLANG_WARN_OBJC_ROOT_CLASS = YES_ERROR;
				CLANG_WARN_QUOTED_INCLUDE_IN_FRAMEWORK_HEADER = YES;
				CLANG_WARN_RANGE_LOOP_ANALYSIS = YES;
				CLANG_WARN_STRICT_PROTOTYPES = YES;
				CLANG_WARN_SUSPICIOUS_MOVE = YES;
				CLANG_WARN_UNGUARDED_AVAILABILITY = YES_AGGRESSIVE;
				CLANG_WARN_UNREACHABLE_CODE = YES;
				CLANG_WARN__DUPLICATE_METHOD_MATCH = YES;
				COPY_PHASE_STRIP = NO;
				DEBUG_INFORMATION_FORMAT = dwarf;
				ENABLE_STRICT_OBJC_MSGSEND = YES;
				ENABLE_TESTABILITY = YES;
				GCC_C_LANGUAGE_STANDARD = gnu11;
				GCC_DYNAMIC_NO_PIC = NO;
				GCC_NO_COMMON_BLOCKS = YES;
				GCC_OPTIMIZATION_LEVEL = 0;
				GCC_PREPROCESSOR_DEFINITIONS = (
					"DEBUG=1",
					"$(inherited)",
				);
				GCC_WARN_64_TO_32_BIT_CONVERSION = YES;
				GCC_WARN_ABOUT_RETURN_TYPE = YES_ERROR;
				GCC_WARN_UNDECLARED_SELECTOR = YES;
				GCC_WARN_UNINITIALIZED_AUTOS = YES_AGGRESSIVE;
				GCC_WARN_UNUSED_FUNCTION = YES;
				GCC_WARN_UNUSED_VARIABLE = YES;
				MTL_ENABLE_DEBUG_INFO = INCLUDE_SOURCE;
				MTL_FAST_MATH = YES;
				ONLY_ACTIVE_ARCH = YES;
				SWIFT_ACTIVE_COMPILATION_CONDITIONS = DEBUG;
				SWIFT_OPTIMIZATION_LEVEL = "-Onone";
			};
			name = Debug;
		};
		0DB08740295246A300430156 /* Release */ = {
			isa = XCBuildConfiguration;
			buildSettings = {
				ALWAYS_SEARCH_USER_PATHS = NO;
				CLANG_ANALYZER_NONNULL = YES;
				CLANG_ANALYZER_NUMBER_OBJECT_CONVERSION = YES_AGGRESSIVE;
				CLANG_CXX_LANGUAGE_STANDARD = "gnu++20";
				CLANG_ENABLE_MODULES = YES;
				CLANG_ENABLE_OBJC_ARC = YES;
				CLANG_ENABLE_OBJC_WEAK = YES;
				CLANG_WARN_BLOCK_CAPTURE_AUTORELEASING = YES;
				CLANG_WARN_BOOL_CONVERSION = YES;
				CLANG_WARN_COMMA = YES;
				CLANG_WARN_CONSTANT_CONVERSION = YES;
				CLANG_WARN_DEPRECATED_OBJC_IMPLEMENTATIONS = YES;
				CLANG_WARN_DIRECT_OBJC_ISA_USAGE = YES_ERROR;
				CLANG_WARN_DOCUMENTATION_COMMENTS = YES;
				CLANG_WARN_EMPTY_BODY = YES;
				CLANG_WARN_ENUM_CONVERSION = YES;
				CLANG_WARN_INFINITE_RECURSION = YES;
				CLANG_WARN_INT_CONVERSION = YES;
				CLANG_WARN_NON_LITERAL_NULL_CONVERSION = YES;
				CLANG_WARN_OBJC_IMPLICIT_RETAIN_SELF = YES;
				CLANG_WARN_OBJC_LITERAL_CONVERSION = YES;
				CLANG_WARN_OBJC_ROOT_CLASS = YES_ERROR;
				CLANG_WARN_QUOTED_INCLUDE_IN_FRAMEWORK_HEADER = YES;
				CLANG_WARN_RANGE_LOOP_ANALYSIS = YES;
				CLANG_WARN_STRICT_PROTOTYPES = YES;
				CLANG_WARN_SUSPICIOUS_MOVE = YES;
				CLANG_WARN_UNGUARDED_AVAILABILITY = YES_AGGRESSIVE;
				CLANG_WARN_UNREACHABLE_CODE = YES;
				CLANG_WARN__DUPLICATE_METHOD_MATCH = YES;
				COPY_PHASE_STRIP = NO;
				DEBUG_INFORMATION_FORMAT = "dwarf-with-dsym";
				ENABLE_NS_ASSERTIONS = NO;
				ENABLE_STRICT_OBJC_MSGSEND = YES;
				GCC_C_LANGUAGE_STANDARD = gnu11;
				GCC_NO_COMMON_BLOCKS = YES;
				GCC_WARN_64_TO_32_BIT_CONVERSION = YES;
				GCC_WARN_ABOUT_RETURN_TYPE = YES_ERROR;
				GCC_WARN_UNDECLARED_SELECTOR = YES;
				GCC_WARN_UNINITIALIZED_AUTOS = YES_AGGRESSIVE;
				GCC_WARN_UNUSED_FUNCTION = YES;
				GCC_WARN_UNUSED_VARIABLE = YES;
				MTL_ENABLE_DEBUG_INFO = NO;
				MTL_FAST_MATH = YES;
				SWIFT_COMPILATION_MODE = wholemodule;
				SWIFT_OPTIMIZATION_LEVEL = "-O";
			};
			name = Release;
		};
		0DB08742295246A300430156 /* Debug */ = {
			isa = XCBuildConfiguration;
			buildSettings = {
				ASSETCATALOG_COMPILER_APPICON_NAME = AppIcon;
				ASSETCATALOG_COMPILER_GLOBAL_ACCENT_COLOR_NAME = AccentColor;
				ASSETCATALOG_COMPILER_INCLUDE_ALL_APPICON_ASSETS = YES;
				CODE_SIGN_ENTITLEMENTS = Bakus/Bakus.entitlements;
				"CODE_SIGN_IDENTITY[sdk=macosx*]" = "Apple Development";
				CODE_SIGN_STYLE = Automatic;
				CURRENT_PROJECT_VERSION = 10;
				DEVELOPMENT_ASSET_PATHS = "\"Bakus/Preview Content\"";
				DEVELOPMENT_TEAM = 7L9JHN5TMF;
				ENABLE_HARDENED_RUNTIME = YES;
				ENABLE_PREVIEWS = YES;
				GENERATE_INFOPLIST_FILE = YES;
				INFOPLIST_FILE = Bakus/Info.plist;
				INFOPLIST_KEY_CFBundleDisplayName = Bakus;
				INFOPLIST_KEY_LSApplicationCategoryType = "public.app-category.utilities";
				"INFOPLIST_KEY_UIApplicationSceneManifest_Generation[sdk=iphoneos*]" = YES;
				"INFOPLIST_KEY_UIApplicationSceneManifest_Generation[sdk=iphonesimulator*]" = YES;
				"INFOPLIST_KEY_UIApplicationSupportsIndirectInputEvents[sdk=iphoneos*]" = YES;
				"INFOPLIST_KEY_UIApplicationSupportsIndirectInputEvents[sdk=iphonesimulator*]" = YES;
				"INFOPLIST_KEY_UILaunchScreen_Generation[sdk=iphoneos*]" = YES;
				"INFOPLIST_KEY_UILaunchScreen_Generation[sdk=iphonesimulator*]" = YES;
				"INFOPLIST_KEY_UIStatusBarStyle[sdk=iphoneos*]" = UIStatusBarStyleDefault;
				"INFOPLIST_KEY_UIStatusBarStyle[sdk=iphonesimulator*]" = UIStatusBarStyleDefault;
				INFOPLIST_KEY_UISupportedInterfaceOrientations_iPad = "UIInterfaceOrientationPortrait UIInterfaceOrientationPortraitUpsideDown UIInterfaceOrientationLandscapeLeft UIInterfaceOrientationLandscapeRight";
				INFOPLIST_KEY_UISupportedInterfaceOrientations_iPhone = "UIInterfaceOrientationPortrait UIInterfaceOrientationLandscapeLeft UIInterfaceOrientationLandscapeRight";
				IPHONEOS_DEPLOYMENT_TARGET = 16.0;
				LD_RUNPATH_SEARCH_PATHS = "@executable_path/Frameworks";
				"LD_RUNPATH_SEARCH_PATHS[sdk=macosx*]" = "@executable_path/../Frameworks";
				MACOSX_DEPLOYMENT_TARGET = 13.0;
				MARKETING_VERSION = 0.2.0;
				PRODUCT_BUNDLE_IDENTIFIER = io.seim.bakus;
				PRODUCT_NAME = "$(TARGET_NAME)";
				SDKROOT = auto;
				SUPPORTED_PLATFORMS = "iphoneos iphonesimulator macosx";
				SWIFT_EMIT_LOC_STRINGS = YES;
				SWIFT_VERSION = 5.0;
				TARGETED_DEVICE_FAMILY = "1,2";
			};
			name = Debug;
		};
		0DB08743295246A300430156 /* Release */ = {
			isa = XCBuildConfiguration;
			buildSettings = {
				ASSETCATALOG_COMPILER_APPICON_NAME = AppIcon;
				ASSETCATALOG_COMPILER_GLOBAL_ACCENT_COLOR_NAME = AccentColor;
				ASSETCATALOG_COMPILER_INCLUDE_ALL_APPICON_ASSETS = YES;
				CODE_SIGN_ENTITLEMENTS = Bakus/Bakus.entitlements;
				"CODE_SIGN_IDENTITY[sdk=macosx*]" = "Apple Development";
				CODE_SIGN_STYLE = Automatic;
				CURRENT_PROJECT_VERSION = 10;
				DEVELOPMENT_ASSET_PATHS = "\"Bakus/Preview Content\"";
				DEVELOPMENT_TEAM = 7L9JHN5TMF;
				ENABLE_HARDENED_RUNTIME = YES;
				ENABLE_PREVIEWS = YES;
				GENERATE_INFOPLIST_FILE = YES;
				INFOPLIST_FILE = Bakus/Info.plist;
				INFOPLIST_KEY_CFBundleDisplayName = Bakus;
				INFOPLIST_KEY_LSApplicationCategoryType = "public.app-category.utilities";
				"INFOPLIST_KEY_UIApplicationSceneManifest_Generation[sdk=iphoneos*]" = YES;
				"INFOPLIST_KEY_UIApplicationSceneManifest_Generation[sdk=iphonesimulator*]" = YES;
				"INFOPLIST_KEY_UIApplicationSupportsIndirectInputEvents[sdk=iphoneos*]" = YES;
				"INFOPLIST_KEY_UIApplicationSupportsIndirectInputEvents[sdk=iphonesimulator*]" = YES;
				"INFOPLIST_KEY_UILaunchScreen_Generation[sdk=iphoneos*]" = YES;
				"INFOPLIST_KEY_UILaunchScreen_Generation[sdk=iphonesimulator*]" = YES;
				"INFOPLIST_KEY_UIStatusBarStyle[sdk=iphoneos*]" = UIStatusBarStyleDefault;
				"INFOPLIST_KEY_UIStatusBarStyle[sdk=iphonesimulator*]" = UIStatusBarStyleDefault;
				INFOPLIST_KEY_UISupportedInterfaceOrientations_iPad = "UIInterfaceOrientationPortrait UIInterfaceOrientationPortraitUpsideDown UIInterfaceOrientationLandscapeLeft UIInterfaceOrientationLandscapeRight";
				INFOPLIST_KEY_UISupportedInterfaceOrientations_iPhone = "UIInterfaceOrientationPortrait UIInterfaceOrientationLandscapeLeft UIInterfaceOrientationLandscapeRight";
				IPHONEOS_DEPLOYMENT_TARGET = 16.0;
				LD_RUNPATH_SEARCH_PATHS = "@executable_path/Frameworks";
				"LD_RUNPATH_SEARCH_PATHS[sdk=macosx*]" = "@executable_path/../Frameworks";
				MACOSX_DEPLOYMENT_TARGET = 13.0;
				MARKETING_VERSION = 0.2.0;
				PRODUCT_BUNDLE_IDENTIFIER = io.seim.bakus;
				PRODUCT_NAME = "$(TARGET_NAME)";
				SDKROOT = auto;
				SUPPORTED_PLATFORMS = "iphoneos iphonesimulator macosx";
				SWIFT_EMIT_LOC_STRINGS = YES;
				SWIFT_VERSION = 5.0;
				TARGETED_DEVICE_FAMILY = "1,2";
			};
			name = Release;
		};
		0DB08745295246A300430156 /* Debug */ = {
			isa = XCBuildConfiguration;
			buildSettings = {
				ALWAYS_EMBED_SWIFT_STANDARD_LIBRARIES = YES;
				BUNDLE_LOADER = "$(TEST_HOST)";
				CODE_SIGN_STYLE = Automatic;
				CURRENT_PROJECT_VERSION = 1;
				DEVELOPMENT_TEAM = 7L9JHN5TMF;
				GENERATE_INFOPLIST_FILE = YES;
				IPHONEOS_DEPLOYMENT_TARGET = 16.2;
				MACOSX_DEPLOYMENT_TARGET = 13.1;
				MARKETING_VERSION = 1.0;
				PRODUCT_BUNDLE_IDENTIFIER = io.seim.BakusTests;
				PRODUCT_NAME = "$(TARGET_NAME)";
				SDKROOT = auto;
				SUPPORTED_PLATFORMS = "iphoneos iphonesimulator macosx";
				SWIFT_EMIT_LOC_STRINGS = NO;
				SWIFT_VERSION = 5.0;
				TARGETED_DEVICE_FAMILY = "1,2";
				TEST_HOST = "$(BUILT_PRODUCTS_DIR)/Bakus.app/$(BUNDLE_EXECUTABLE_FOLDER_PATH)/Bakus";
			};
			name = Debug;
		};
		0DB08746295246A300430156 /* Release */ = {
			isa = XCBuildConfiguration;
			buildSettings = {
				ALWAYS_EMBED_SWIFT_STANDARD_LIBRARIES = YES;
				BUNDLE_LOADER = "$(TEST_HOST)";
				CODE_SIGN_STYLE = Automatic;
				CURRENT_PROJECT_VERSION = 1;
				DEVELOPMENT_TEAM = 7L9JHN5TMF;
				GENERATE_INFOPLIST_FILE = YES;
				IPHONEOS_DEPLOYMENT_TARGET = 16.2;
				MACOSX_DEPLOYMENT_TARGET = 13.1;
				MARKETING_VERSION = 1.0;
				PRODUCT_BUNDLE_IDENTIFIER = io.seim.BakusTests;
				PRODUCT_NAME = "$(TARGET_NAME)";
				SDKROOT = auto;
				SUPPORTED_PLATFORMS = "iphoneos iphonesimulator macosx";
				SWIFT_EMIT_LOC_STRINGS = NO;
				SWIFT_VERSION = 5.0;
				TARGETED_DEVICE_FAMILY = "1,2";
				TEST_HOST = "$(BUILT_PRODUCTS_DIR)/Bakus.app/$(BUNDLE_EXECUTABLE_FOLDER_PATH)/Bakus";
			};
			name = Release;
		};
		0DB08748295246A300430156 /* Debug */ = {
			isa = XCBuildConfiguration;
			buildSettings = {
				ALWAYS_EMBED_SWIFT_STANDARD_LIBRARIES = YES;
				CODE_SIGN_STYLE = Automatic;
				CURRENT_PROJECT_VERSION = 1;
				DEVELOPMENT_TEAM = 7L9JHN5TMF;
				GENERATE_INFOPLIST_FILE = YES;
				IPHONEOS_DEPLOYMENT_TARGET = 16.2;
				MACOSX_DEPLOYMENT_TARGET = 13.1;
				MARKETING_VERSION = 1.0;
				PRODUCT_BUNDLE_IDENTIFIER = io.seim.BakusUITests;
				PRODUCT_NAME = "$(TARGET_NAME)";
				SDKROOT = auto;
				SUPPORTED_PLATFORMS = "iphoneos iphonesimulator macosx";
				SWIFT_EMIT_LOC_STRINGS = NO;
				SWIFT_VERSION = 5.0;
				TARGETED_DEVICE_FAMILY = "1,2";
				TEST_TARGET_NAME = Bakus;
			};
			name = Debug;
		};
		0DB08749295246A300430156 /* Release */ = {
			isa = XCBuildConfiguration;
			buildSettings = {
				ALWAYS_EMBED_SWIFT_STANDARD_LIBRARIES = YES;
				CODE_SIGN_STYLE = Automatic;
				CURRENT_PROJECT_VERSION = 1;
				DEVELOPMENT_TEAM = 7L9JHN5TMF;
				GENERATE_INFOPLIST_FILE = YES;
				IPHONEOS_DEPLOYMENT_TARGET = 16.2;
				MACOSX_DEPLOYMENT_TARGET = 13.1;
				MARKETING_VERSION = 1.0;
				PRODUCT_BUNDLE_IDENTIFIER = io.seim.BakusUITests;
				PRODUCT_NAME = "$(TARGET_NAME)";
				SDKROOT = auto;
				SUPPORTED_PLATFORMS = "iphoneos iphonesimulator macosx";
				SWIFT_EMIT_LOC_STRINGS = NO;
				SWIFT_VERSION = 5.0;
				TARGETED_DEVICE_FAMILY = "1,2";
				TEST_TARGET_NAME = Bakus;
			};
			name = Release;
		};
/* End XCBuildConfiguration section */

/* Begin XCConfigurationList section */
		0DB08717295246A100430156 /* Build configuration list for PBXProject "Bakus" */ = {
			isa = XCConfigurationList;
			buildConfigurations = (
				0DB0873F295246A300430156 /* Debug */,
				0DB08740295246A300430156 /* Release */,
			);
			defaultConfigurationIsVisible = 0;
			defaultConfigurationName = Release;
		};
		0DB08741295246A300430156 /* Build configuration list for PBXNativeTarget "Bakus" */ = {
			isa = XCConfigurationList;
			buildConfigurations = (
				0DB08742295246A300430156 /* Debug */,
				0DB08743295246A300430156 /* Release */,
			);
			defaultConfigurationIsVisible = 0;
			defaultConfigurationName = Release;
		};
		0DB08744295246A300430156 /* Build configuration list for PBXNativeTarget "BakusTests" */ = {
			isa = XCConfigurationList;
			buildConfigurations = (
				0DB08745295246A300430156 /* Debug */,
				0DB08746295246A300430156 /* Release */,
			);
			defaultConfigurationIsVisible = 0;
			defaultConfigurationName = Release;
		};
		0DB08747295246A300430156 /* Build configuration list for PBXNativeTarget "BakusUITests" */ = {
			isa = XCConfigurationList;
			buildConfigurations = (
				0DB08748295246A300430156 /* Debug */,
				0DB08749295246A300430156 /* Release */,
			);
			defaultConfigurationIsVisible = 0;
			defaultConfigurationName = Release;
		};
/* End XCConfigurationList section */
	};
	rootObject = 0DB08714295246A100430156 /* Project object */;
}
